# THIS IS AN AUTOGENERATED FILE. DO NOT EDIT THIS FILE DIRECTLY.
# yarn lockfile v1


"@types/adm-zip@^0.4.33":
  version "0.4.33"
  resolved "https://registry.yarnpkg.com/@types/adm-zip/-/adm-zip-0.4.33.tgz#ea5b94f771443f655613b64f920c0555867200dd"
  integrity sha512-WM0DCWFLjXtddl0fu0+iN2ZF+qz8RF9RddG5OSy/S90AQz01Fu8lHn/3oTIZDxvG8gVcnBLAHMHOdBLbV6m6Mw==
  dependencies:
    "@types/node" "*"

"@types/node@*":
  version "14.0.27"
  resolved "https://registry.yarnpkg.com/@types/node/-/node-14.0.27.tgz#a151873af5a5e851b51b3b065c9e63390a9e0eb1"
  integrity sha512-kVrqXhbclHNHGu9ztnAwSncIgJv/FaxmzXJvGXNdcCpV1b8u1/Mi6z6m0vwy0LzKeXFTPLH0NzwmoJ3fNCIq0g==

adm-zip@^0.4.16:
  version "0.4.16"
  resolved "https://registry.yarnpkg.com/adm-zip/-/adm-zip-0.4.16.tgz#cf4c508fdffab02c269cbc7f471a875f05570365"
  integrity sha512-TFi4HBKSGfIKsK5YCkKaaFG2m4PEDyViZmEwof3MTIgzimHLto6muaHVpbrljdIvIrFZzEq/p4nafOeLcYegrg==

axios@^0.19.2:
  version "0.19.2"
  resolved "https://registry.yarnpkg.com/axios/-/axios-0.19.2.tgz#3ea36c5d8818d0d5f8a8a97a6d36b86cdc00cb27"
  integrity sha512-fjgm5MvRHLhx+osE2xoekY70AhARk3a6hkN+3Io1jc00jtquGvxYlKlsFUhmUET0V5te6CcZI7lcv2Ym61mjHA==
  dependencies:
    follow-redirects "1.5.10"

debug@=3.1.0:
  version "3.1.0"
  resolved "https://registry.yarnpkg.com/debug/-/debug-3.1.0.tgz#5bb5a0672628b64149566ba16819e61518c67261"
  integrity sha512-OX8XqP7/1a9cqkxYw2yXss15f26NKWBpDXQd0/uK/KPqdQhxbPa994hnzjcE2VqQpDslf55723cKPUOGSmMY3g==
  dependencies:
    ms "2.0.0"

follow-redirects@1.5.10:
  version "1.5.10"
  resolved "https://registry.yarnpkg.com/follow-redirects/-/follow-redirects-1.5.10.tgz#7b7a9f9aea2fdff36786a94ff643ed07f4ff5e2a"
  integrity sha512-0V5l4Cizzvqt5D44aTXbFZz+FtyXV1vrDN6qrelxtfYQKW0KO0W2T/hkE8xvGa/540LkZlkaUjO4ailYTFtHVQ==
  dependencies:
    debug "=3.1.0"

fs@^0.0.1-security:
  version "0.0.1-security"
  resolved "https://registry.yarnpkg.com/fs/-/fs-0.0.1-security.tgz#8a7bd37186b6dddf3813f23858b57ecaaf5e41d4"
  integrity sha1-invTcYa23d84E/I4WLV+yq9eQdQ=

ms@2.0.0:
  version "2.0.0"
  resolved "https://registry.yarnpkg.com/ms/-/ms-2.0.0.tgz#5608aeadfc00be6c2901df5f9861788de0d597c8"
  integrity sha1-VgiurfwAvmwpAd9fmGF4jeDVl8g=
